// !$*UTF8*$!
{
	archiveVersion = 1;
	classes = {
	};
	objectVersion = 46;
	objects = {

/* Begin PBXBuildFile section */
		35351E8C18A334AB005DAF6C /* SearchViewController.m in Sources */ = {isa = PBXBuildFile; fileRef = 35351E8B18A334AB005DAF6C /* SearchViewController.m */; };
		35351E9518A70B8E005DAF6C /* SearchCell.m in Sources */ = {isa = PBXBuildFile; fileRef = 35351E9418A70B8E005DAF6C /* SearchCell.m */; };
		353F85FF18AAE2FD004A9346 /* GlobalShows.m in Sources */ = {isa = PBXBuildFile; fileRef = 353F85FE18AAE2FD004A9346 /* GlobalShows.m */; };
		356913BE1899B8E70047A580 /* Episode.m in Sources */ = {isa = PBXBuildFile; fileRef = 356913BD1899B8E70047A580 /* Episode.m */; };
		356913C11899CC470047A580 /* ShowResult.m in Sources */ = {isa = PBXBuildFile; fileRef = 356913C01899CC470047A580 /* ShowResult.m */; };
		356913C51899F06C0047A580 /* ShowCollectionViewController.m in Sources */ = {isa = PBXBuildFile; fileRef = 356913C41899F06C0047A580 /* ShowCollectionViewController.m */; };
		356913C91899F0EC0047A580 /* ShowCell.m in Sources */ = {isa = PBXBuildFile; fileRef = 356913C81899F0EC0047A580 /* ShowCell.m */; };
		35887AC51899A9E100D4D903 /* Show.m in Sources */ = {isa = PBXBuildFile; fileRef = 35887AC41899A9E100D4D903 /* Show.m */; };
		7826D59A1897FB34002CFE5F /* YQL.m in Sources */ = {isa = PBXBuildFile; fileRef = 7826D5991897FB34002CFE5F /* YQL.m */; };
		783B23A01890D30F00FCD806 /* YahooClient.m in Sources */ = {isa = PBXBuildFile; fileRef = 783B239F1890D30F00FCD806 /* YahooClient.m */; };
		7871301F18A5D6EB008D31E1 /* ShowDetailsViewController.m in Sources */ = {isa = PBXBuildFile; fileRef = 7871301E18A5D6EB008D31E1 /* ShowDetailsViewController.m */; };
		7891F1951890B55E00BF5611 /* Foundation.framework in Frameworks */ = {isa = PBXBuildFile; fileRef = 7891F1941890B55E00BF5611 /* Foundation.framework */; };
		7891F1971890B55E00BF5611 /* CoreGraphics.framework in Frameworks */ = {isa = PBXBuildFile; fileRef = 7891F1961890B55E00BF5611 /* CoreGraphics.framework */; };
		7891F1991890B55E00BF5611 /* UIKit.framework in Frameworks */ = {isa = PBXBuildFile; fileRef = 7891F1981890B55E00BF5611 /* UIKit.framework */; };
		7891F19F1890B55E00BF5611 /* InfoPlist.strings in Resources */ = {isa = PBXBuildFile; fileRef = 7891F19D1890B55E00BF5611 /* InfoPlist.strings */; };
		7891F1A11890B55E00BF5611 /* main.m in Sources */ = {isa = PBXBuildFile; fileRef = 7891F1A01890B55E00BF5611 /* main.m */; };
		7891F1A51890B55E00BF5611 /* AppDelegate.m in Sources */ = {isa = PBXBuildFile; fileRef = 7891F1A41890B55E00BF5611 /* AppDelegate.m */; };
		7891F1A81890B55E00BF5611 /* Main.storyboard in Resources */ = {isa = PBXBuildFile; fileRef = 7891F1A61890B55E00BF5611 /* Main.storyboard */; };
		7891F1AB1890B55E00BF5611 /* ViewController.m in Sources */ = {isa = PBXBuildFile; fileRef = 7891F1AA1890B55E00BF5611 /* ViewController.m */; };
		7891F1AD1890B55E00BF5611 /* Images.xcassets in Resources */ = {isa = PBXBuildFile; fileRef = 7891F1AC1890B55E00BF5611 /* Images.xcassets */; };
		7891F1B41890B55E00BF5611 /* XCTest.framework in Frameworks */ = {isa = PBXBuildFile; fileRef = 7891F1B31890B55E00BF5611 /* XCTest.framework */; };
		7891F1B51890B55E00BF5611 /* Foundation.framework in Frameworks */ = {isa = PBXBuildFile; fileRef = 7891F1941890B55E00BF5611 /* Foundation.framework */; };
		7891F1B61890B55E00BF5611 /* UIKit.framework in Frameworks */ = {isa = PBXBuildFile; fileRef = 7891F1981890B55E00BF5611 /* UIKit.framework */; };
		7891F1BE1890B55E00BF5611 /* InfoPlist.strings in Resources */ = {isa = PBXBuildFile; fileRef = 7891F1BC1890B55E00BF5611 /* InfoPlist.strings */; };
		7891F1C01890B55E00BF5611 /* showsAppTests.m in Sources */ = {isa = PBXBuildFile; fileRef = 7891F1BF1890B55E00BF5611 /* showsAppTests.m */; };
		E395C400627045D2A9407CA9 /* libPods.a in Frameworks */ = {isa = PBXBuildFile; fileRef = E913425D7C364255B0BDA766 /* libPods.a */; };
/* End PBXBuildFile section */

/* Begin PBXContainerItemProxy section */
		7891F1B71890B55E00BF5611 /* PBXContainerItemProxy */ = {
			isa = PBXContainerItemProxy;
			containerPortal = 7891F1891890B55E00BF5611 /* Project object */;
			proxyType = 1;
			remoteGlobalIDString = 7891F1901890B55E00BF5611;
			remoteInfo = showsApp;
		};
/* End PBXContainerItemProxy section */

/* Begin PBXFileReference section */
		347E5A5EA6D142D09FCAE070 /* Pods.xcconfig */ = {isa = PBXFileReference; includeInIndex = 1; lastKnownFileType = text.xcconfig; name = Pods.xcconfig; path = Pods/Pods.xcconfig; sourceTree = "<group>"; };
		35351E8A18A334AB005DAF6C /* SearchViewController.h */ = {isa = PBXFileReference; fileEncoding = 4; lastKnownFileType = sourcecode.c.h; path = SearchViewController.h; sourceTree = "<group>"; };
		35351E8B18A334AB005DAF6C /* SearchViewController.m */ = {isa = PBXFileReference; fileEncoding = 4; lastKnownFileType = sourcecode.c.objc; path = SearchViewController.m; sourceTree = "<group>"; };
		35351E9318A70B8E005DAF6C /* SearchCell.h */ = {isa = PBXFileReference; fileEncoding = 4; lastKnownFileType = sourcecode.c.h; path = SearchCell.h; sourceTree = "<group>"; };
		35351E9418A70B8E005DAF6C /* SearchCell.m */ = {isa = PBXFileReference; fileEncoding = 4; lastKnownFileType = sourcecode.c.objc; path = SearchCell.m; sourceTree = "<group>"; };
		353F85FD18AAE2FD004A9346 /* GlobalShows.h */ = {isa = PBXFileReference; fileEncoding = 4; lastKnownFileType = sourcecode.c.h; path = GlobalShows.h; sourceTree = "<group>"; };
		353F85FE18AAE2FD004A9346 /* GlobalShows.m */ = {isa = PBXFileReference; fileEncoding = 4; lastKnownFileType = sourcecode.c.objc; path = GlobalShows.m; sourceTree = "<group>"; };
		356913BC1899B8E70047A580 /* Episode.h */ = {isa = PBXFileReference; fileEncoding = 4; lastKnownFileType = sourcecode.c.h; path = Episode.h; sourceTree = "<group>"; };
		356913BD1899B8E70047A580 /* Episode.m */ = {isa = PBXFileReference; fileEncoding = 4; lastKnownFileType = sourcecode.c.objc; path = Episode.m; sourceTree = "<group>"; };
		356913BF1899CC470047A580 /* ShowResult.h */ = {isa = PBXFileReference; fileEncoding = 4; lastKnownFileType = sourcecode.c.h; path = ShowResult.h; sourceTree = "<group>"; };
		356913C01899CC470047A580 /* ShowResult.m */ = {isa = PBXFileReference; fileEncoding = 4; lastKnownFileType = sourcecode.c.objc; path = ShowResult.m; sourceTree = "<group>"; };
		356913C31899F06C0047A580 /* ShowCollectionViewController.h */ = {isa = PBXFileReference; fileEncoding = 4; lastKnownFileType = sourcecode.c.h; path = ShowCollectionViewController.h; sourceTree = "<group>"; };
		356913C41899F06C0047A580 /* ShowCollectionViewController.m */ = {isa = PBXFileReference; fileEncoding = 4; lastKnownFileType = sourcecode.c.objc; path = ShowCollectionViewController.m; sourceTree = "<group>"; };
		356913C71899F0EC0047A580 /* ShowCell.h */ = {isa = PBXFileReference; fileEncoding = 4; lastKnownFileType = sourcecode.c.h; path = ShowCell.h; sourceTree = "<group>"; };
		356913C81899F0EC0047A580 /* ShowCell.m */ = {isa = PBXFileReference; fileEncoding = 4; lastKnownFileType = sourcecode.c.objc; path = ShowCell.m; sourceTree = "<group>"; };
		35887AC31899A9E100D4D903 /* Show.h */ = {isa = PBXFileReference; fileEncoding = 4; lastKnownFileType = sourcecode.c.h; name = Show.h; path = showsApp/Show.h; sourceTree = "<group>"; };
		35887AC41899A9E100D4D903 /* Show.m */ = {isa = PBXFileReference; fileEncoding = 4; lastKnownFileType = sourcecode.c.objc; name = Show.m; path = showsApp/Show.m; sourceTree = "<group>"; };
		7826D5981897FB34002CFE5F /* YQL.h */ = {isa = PBXFileReference; fileEncoding = 4; lastKnownFileType = sourcecode.c.h; path = YQL.h; sourceTree = "<group>"; };
		7826D5991897FB34002CFE5F /* YQL.m */ = {isa = PBXFileReference; fileEncoding = 4; lastKnownFileType = sourcecode.c.objc; path = YQL.m; sourceTree = "<group>"; };
		783B239E1890D30F00FCD806 /* YahooClient.h */ = {isa = PBXFileReference; fileEncoding = 4; lastKnownFileType = sourcecode.c.h; path = YahooClient.h; sourceTree = "<group>"; };
		783B239F1890D30F00FCD806 /* YahooClient.m */ = {isa = PBXFileReference; fileEncoding = 4; lastKnownFileType = sourcecode.c.objc; path = YahooClient.m; sourceTree = "<group>"; };
		7871301D18A5D6EB008D31E1 /* ShowDetailsViewController.h */ = {isa = PBXFileReference; fileEncoding = 4; lastKnownFileType = sourcecode.c.h; path = ShowDetailsViewController.h; sourceTree = "<group>"; };
		7871301E18A5D6EB008D31E1 /* ShowDetailsViewController.m */ = {isa = PBXFileReference; fileEncoding = 4; lastKnownFileType = sourcecode.c.objc; path = ShowDetailsViewController.m; sourceTree = "<group>"; };
		7891F1911890B55E00BF5611 /* showsApp.app */ = {isa = PBXFileReference; explicitFileType = wrapper.application; includeInIndex = 0; path = showsApp.app; sourceTree = BUILT_PRODUCTS_DIR; };
		7891F1941890B55E00BF5611 /* Foundation.framework */ = {isa = PBXFileReference; lastKnownFileType = wrapper.framework; name = Foundation.framework; path = System/Library/Frameworks/Foundation.framework; sourceTree = SDKROOT; };
		7891F1961890B55E00BF5611 /* CoreGraphics.framework */ = {isa = PBXFileReference; lastKnownFileType = wrapper.framework; name = CoreGraphics.framework; path = System/Library/Frameworks/CoreGraphics.framework; sourceTree = SDKROOT; };
		7891F1981890B55E00BF5611 /* UIKit.framework */ = {isa = PBXFileReference; lastKnownFileType = wrapper.framework; name = UIKit.framework; path = System/Library/Frameworks/UIKit.framework; sourceTree = SDKROOT; };
		7891F19C1890B55E00BF5611 /* showsApp-Info.plist */ = {isa = PBXFileReference; lastKnownFileType = text.plist.xml; path = "showsApp-Info.plist"; sourceTree = "<group>"; };
		7891F19E1890B55E00BF5611 /* en */ = {isa = PBXFileReference; lastKnownFileType = text.plist.strings; name = en; path = en.lproj/InfoPlist.strings; sourceTree = "<group>"; };
		7891F1A01890B55E00BF5611 /* main.m */ = {isa = PBXFileReference; lastKnownFileType = sourcecode.c.objc; path = main.m; sourceTree = "<group>"; };
		7891F1A21890B55E00BF5611 /* showsApp-Prefix.pch */ = {isa = PBXFileReference; lastKnownFileType = sourcecode.c.h; path = "showsApp-Prefix.pch"; sourceTree = "<group>"; };
		7891F1A31890B55E00BF5611 /* AppDelegate.h */ = {isa = PBXFileReference; lastKnownFileType = sourcecode.c.h; path = AppDelegate.h; sourceTree = "<group>"; };
		7891F1A41890B55E00BF5611 /* AppDelegate.m */ = {isa = PBXFileReference; lastKnownFileType = sourcecode.c.objc; path = AppDelegate.m; sourceTree = "<group>"; };
		7891F1A71890B55E00BF5611 /* Base */ = {isa = PBXFileReference; lastKnownFileType = file.storyboard; name = Base; path = Base.lproj/Main.storyboard; sourceTree = "<group>"; };
		7891F1A91890B55E00BF5611 /* ViewController.h */ = {isa = PBXFileReference; lastKnownFileType = sourcecode.c.h; path = ViewController.h; sourceTree = "<group>"; };
		7891F1AA1890B55E00BF5611 /* ViewController.m */ = {isa = PBXFileReference; lastKnownFileType = sourcecode.c.objc; path = ViewController.m; sourceTree = "<group>"; };
		7891F1AC1890B55E00BF5611 /* Images.xcassets */ = {isa = PBXFileReference; lastKnownFileType = folder.assetcatalog; path = Images.xcassets; sourceTree = "<group>"; };
		7891F1B21890B55E00BF5611 /* showsAppTests.xctest */ = {isa = PBXFileReference; explicitFileType = wrapper.cfbundle; includeInIndex = 0; path = showsAppTests.xctest; sourceTree = BUILT_PRODUCTS_DIR; };
		7891F1B31890B55E00BF5611 /* XCTest.framework */ = {isa = PBXFileReference; lastKnownFileType = wrapper.framework; name = XCTest.framework; path = Library/Frameworks/XCTest.framework; sourceTree = DEVELOPER_DIR; };
		7891F1BB1890B55E00BF5611 /* showsAppTests-Info.plist */ = {isa = PBXFileReference; lastKnownFileType = text.plist.xml; path = "showsAppTests-Info.plist"; sourceTree = "<group>"; };
		7891F1BD1890B55E00BF5611 /* en */ = {isa = PBXFileReference; lastKnownFileType = text.plist.strings; name = en; path = en.lproj/InfoPlist.strings; sourceTree = "<group>"; };
		7891F1BF1890B55E00BF5611 /* showsAppTests.m */ = {isa = PBXFileReference; lastKnownFileType = sourcecode.c.objc; path = showsAppTests.m; sourceTree = "<group>"; };
		E913425D7C364255B0BDA766 /* libPods.a */ = {isa = PBXFileReference; explicitFileType = archive.ar; includeInIndex = 0; path = libPods.a; sourceTree = BUILT_PRODUCTS_DIR; };
/* End PBXFileReference section */

/* Begin PBXFrameworksBuildPhase section */
		7891F18E1890B55E00BF5611 /* Frameworks */ = {
			isa = PBXFrameworksBuildPhase;
			buildActionMask = 2147483647;
			files = (
				7891F1971890B55E00BF5611 /* CoreGraphics.framework in Frameworks */,
				7891F1991890B55E00BF5611 /* UIKit.framework in Frameworks */,
				7891F1951890B55E00BF5611 /* Foundation.framework in Frameworks */,
				E395C400627045D2A9407CA9 /* libPods.a in Frameworks */,
			);
			runOnlyForDeploymentPostprocessing = 0;
		};
		7891F1AF1890B55E00BF5611 /* Frameworks */ = {
			isa = PBXFrameworksBuildPhase;
			buildActionMask = 2147483647;
			files = (
				7891F1B41890B55E00BF5611 /* XCTest.framework in Frameworks */,
				7891F1B61890B55E00BF5611 /* UIKit.framework in Frameworks */,
				7891F1B51890B55E00BF5611 /* Foundation.framework in Frameworks */,
			);
			runOnlyForDeploymentPostprocessing = 0;
		};
/* End PBXFrameworksBuildPhase section */

/* Begin PBXGroup section */
		353F85FC18AAE272004A9346 /* Global */ = {
			isa = PBXGroup;
			children = (
				353F85FD18AAE2FD004A9346 /* GlobalShows.h */,
				353F85FE18AAE2FD004A9346 /* GlobalShows.m */,
			);
			name = Global;
			sourceTree = "<group>";
		};
		356913C21899EF5C0047A580 /* View Controllers */ = {
			isa = PBXGroup;
			children = (
				356913C31899F06C0047A580 /* ShowCollectionViewController.h */,
				356913C41899F06C0047A580 /* ShowCollectionViewController.m */,
				35351E8A18A334AB005DAF6C /* SearchViewController.h */,
				35351E8B18A334AB005DAF6C /* SearchViewController.m */,
				7871301D18A5D6EB008D31E1 /* ShowDetailsViewController.h */,
				7871301E18A5D6EB008D31E1 /* ShowDetailsViewController.m */,
			);
			name = "View Controllers";
			sourceTree = "<group>";
		};
		356913C61899F0CD0047A580 /* View */ = {
			isa = PBXGroup;
			children = (
				356913C71899F0EC0047A580 /* ShowCell.h */,
				356913C81899F0EC0047A580 /* ShowCell.m */,
				35351E9318A70B8E005DAF6C /* SearchCell.h */,
				35351E9418A70B8E005DAF6C /* SearchCell.m */,
			);
			name = View;
			sourceTree = "<group>";
		};
		35887AC61899AA1500D4D903 /* Model */ = {
			isa = PBXGroup;
			children = (
				35887AC31899A9E100D4D903 /* Show.h */,
				35887AC41899A9E100D4D903 /* Show.m */,
				356913BC1899B8E70047A580 /* Episode.h */,
				356913BD1899B8E70047A580 /* Episode.m */,
				356913BF1899CC470047A580 /* ShowResult.h */,
				356913C01899CC470047A580 /* ShowResult.m */,
			);
			name = Model;
			sourceTree = "<group>";
		};
		7826D5971897F62C002CFE5F /* YQL */ = {
			isa = PBXGroup;
			children = (
				7826D5981897FB34002CFE5F /* YQL.h */,
				7826D5991897FB34002CFE5F /* YQL.m */,
			);
			name = YQL;
			sourceTree = "<group>";
		};
		783B239D1890D2CF00FCD806 /* API */ = {
			isa = PBXGroup;
			children = (
				783B239E1890D30F00FCD806 /* YahooClient.h */,
				783B239F1890D30F00FCD806 /* YahooClient.m */,
			);
			name = API;
			sourceTree = "<group>";
		};
		7891F1881890B55E00BF5611 = {
			isa = PBXGroup;
			children = (
				353F85FC18AAE272004A9346 /* Global */,
				356913C61899F0CD0047A580 /* View */,
				356913C21899EF5C0047A580 /* View Controllers */,
				35887AC61899AA1500D4D903 /* Model */,
				7826D5971897F62C002CFE5F /* YQL */,
				783B239D1890D2CF00FCD806 /* API */,
				7891F19A1890B55E00BF5611 /* showsApp */,
				7891F1B91890B55E00BF5611 /* showsAppTests */,
				7891F1931890B55E00BF5611 /* Frameworks */,
				7891F1921890B55E00BF5611 /* Products */,
				347E5A5EA6D142D09FCAE070 /* Pods.xcconfig */,
			);
			sourceTree = "<group>";
		};
		7891F1921890B55E00BF5611 /* Products */ = {
			isa = PBXGroup;
			children = (
				7891F1911890B55E00BF5611 /* showsApp.app */,
				7891F1B21890B55E00BF5611 /* showsAppTests.xctest */,
			);
			name = Products;
			sourceTree = "<group>";
		};
		7891F1931890B55E00BF5611 /* Frameworks */ = {
			isa = PBXGroup;
			children = (
				7891F1941890B55E00BF5611 /* Foundation.framework */,
				7891F1961890B55E00BF5611 /* CoreGraphics.framework */,
				7891F1981890B55E00BF5611 /* UIKit.framework */,
				7891F1B31890B55E00BF5611 /* XCTest.framework */,
				E913425D7C364255B0BDA766 /* libPods.a */,
			);
			name = Frameworks;
			sourceTree = "<group>";
		};
		7891F19A1890B55E00BF5611 /* showsApp */ = {
			isa = PBXGroup;
			children = (
				7891F1A31890B55E00BF5611 /* AppDelegate.h */,
				7891F1A41890B55E00BF5611 /* AppDelegate.m */,
				7891F1A61890B55E00BF5611 /* Main.storyboard */,
				7891F1A91890B55E00BF5611 /* ViewController.h */,
				7891F1AA1890B55E00BF5611 /* ViewController.m */,
				7891F1AC1890B55E00BF5611 /* Images.xcassets */,
				7891F19B1890B55E00BF5611 /* Supporting Files */,
			);
			path = showsApp;
			sourceTree = "<group>";
		};
		7891F19B1890B55E00BF5611 /* Supporting Files */ = {
			isa = PBXGroup;
			children = (
				7891F19C1890B55E00BF5611 /* showsApp-Info.plist */,
				7891F19D1890B55E00BF5611 /* InfoPlist.strings */,
				7891F1A01890B55E00BF5611 /* main.m */,
				7891F1A21890B55E00BF5611 /* showsApp-Prefix.pch */,
			);
			name = "Supporting Files";
			sourceTree = "<group>";
		};
		7891F1B91890B55E00BF5611 /* showsAppTests */ = {
			isa = PBXGroup;
			children = (
				7891F1BF1890B55E00BF5611 /* showsAppTests.m */,
				7891F1BA1890B55E00BF5611 /* Supporting Files */,
			);
			path = showsAppTests;
			sourceTree = "<group>";
		};
		7891F1BA1890B55E00BF5611 /* Supporting Files */ = {
			isa = PBXGroup;
			children = (
				7891F1BB1890B55E00BF5611 /* showsAppTests-Info.plist */,
				7891F1BC1890B55E00BF5611 /* InfoPlist.strings */,
			);
			name = "Supporting Files";
			sourceTree = "<group>";
		};
/* End PBXGroup section */

/* Begin PBXNativeTarget section */
		7891F1901890B55E00BF5611 /* showsApp */ = {
			isa = PBXNativeTarget;
			buildConfigurationList = 7891F1C31890B55E00BF5611 /* Build configuration list for PBXNativeTarget "showsApp" */;
			buildPhases = (
				D49BD40C4BBC4E16B465C4B9 /* Check Pods Manifest.lock */,
				7891F18D1890B55E00BF5611 /* Sources */,
				7891F18E1890B55E00BF5611 /* Frameworks */,
				7891F18F1890B55E00BF5611 /* Resources */,
				80B5AC1EF4644069B3C11F42 /* Copy Pods Resources */,
			);
			buildRules = (
			);
			dependencies = (
			);
			name = showsApp;
			productName = showsApp;
			productReference = 7891F1911890B55E00BF5611 /* showsApp.app */;
			productType = "com.apple.product-type.application";
		};
		7891F1B11890B55E00BF5611 /* showsAppTests */ = {
			isa = PBXNativeTarget;
			buildConfigurationList = 7891F1C61890B55E00BF5611 /* Build configuration list for PBXNativeTarget "showsAppTests" */;
			buildPhases = (
				7891F1AE1890B55E00BF5611 /* Sources */,
				7891F1AF1890B55E00BF5611 /* Frameworks */,
				7891F1B01890B55E00BF5611 /* Resources */,
			);
			buildRules = (
			);
			dependencies = (
				7891F1B81890B55E00BF5611 /* PBXTargetDependency */,
			);
			name = showsAppTests;
			productName = showsAppTests;
			productReference = 7891F1B21890B55E00BF5611 /* showsAppTests.xctest */;
			productType = "com.apple.product-type.bundle.unit-test";
		};
/* End PBXNativeTarget section */

/* Begin PBXProject section */
		7891F1891890B55E00BF5611 /* Project object */ = {
			isa = PBXProject;
			attributes = {
				LastUpgradeCheck = 0500;
				ORGANIZATIONNAME = Shows;
				TargetAttributes = {
					7891F1B11890B55E00BF5611 = {
						TestTargetID = 7891F1901890B55E00BF5611;
					};
				};
			};
			buildConfigurationList = 7891F18C1890B55E00BF5611 /* Build configuration list for PBXProject "showsApp" */;
			compatibilityVersion = "Xcode 3.2";
			developmentRegion = English;
			hasScannedForEncodings = 0;
			knownRegions = (
				en,
				Base,
			);
			mainGroup = 7891F1881890B55E00BF5611;
			productRefGroup = 7891F1921890B55E00BF5611 /* Products */;
			projectDirPath = "";
			projectRoot = "";
			targets = (
				7891F1901890B55E00BF5611 /* showsApp */,
				7891F1B11890B55E00BF5611 /* showsAppTests */,
			);
		};
/* End PBXProject section */

/* Begin PBXResourcesBuildPhase section */
		7891F18F1890B55E00BF5611 /* Resources */ = {
			isa = PBXResourcesBuildPhase;
			buildActionMask = 2147483647;
			files = (
				7891F1AD1890B55E00BF5611 /* Images.xcassets in Resources */,
				7891F19F1890B55E00BF5611 /* InfoPlist.strings in Resources */,
				7891F1A81890B55E00BF5611 /* Main.storyboard in Resources */,
			);
			runOnlyForDeploymentPostprocessing = 0;
		};
		7891F1B01890B55E00BF5611 /* Resources */ = {
			isa = PBXResourcesBuildPhase;
			buildActionMask = 2147483647;
			files = (
				7891F1BE1890B55E00BF5611 /* InfoPlist.strings in Resources */,
			);
			runOnlyForDeploymentPostprocessing = 0;
		};
/* End PBXResourcesBuildPhase section */

/* Begin PBXShellScriptBuildPhase section */
		80B5AC1EF4644069B3C11F42 /* Copy Pods Resources */ = {
			isa = PBXShellScriptBuildPhase;
			buildActionMask = 2147483647;
			files = (
			);
			inputPaths = (
			);
			name = "Copy Pods Resources";
			outputPaths = (
			);
			runOnlyForDeploymentPostprocessing = 0;
			shellPath = /bin/sh;
			shellScript = "\"${SRCROOT}/Pods/Pods-resources.sh\"\n";
			showEnvVarsInLog = 0;
		};
		D49BD40C4BBC4E16B465C4B9 /* Check Pods Manifest.lock */ = {
			isa = PBXShellScriptBuildPhase;
			buildActionMask = 2147483647;
			files = (
			);
			inputPaths = (
			);
			name = "Check Pods Manifest.lock";
			outputPaths = (
			);
			runOnlyForDeploymentPostprocessing = 0;
			shellPath = /bin/sh;
			shellScript = "diff \"${PODS_ROOT}/../Podfile.lock\" \"${PODS_ROOT}/Manifest.lock\" > /dev/null\nif [[ $? != 0 ]] ; then\n    cat << EOM\nerror: The sandbox is not in sync with the Podfile.lock. Run 'pod install' or update your CocoaPods installation.\nEOM\n    exit 1\nfi\n";
			showEnvVarsInLog = 0;
		};
/* End PBXShellScriptBuildPhase section */

/* Begin PBXSourcesBuildPhase section */
		7891F18D1890B55E00BF5611 /* Sources */ = {
			isa = PBXSourcesBuildPhase;
			buildActionMask = 2147483647;
			files = (
				7891F1AB1890B55E00BF5611 /* ViewController.m in Sources */,
				7826D59A1897FB34002CFE5F /* YQL.m in Sources */,
				7891F1A51890B55E00BF5611 /* AppDelegate.m in Sources */,
				35351E9518A70B8E005DAF6C /* SearchCell.m in Sources */,
				356913C51899F06C0047A580 /* ShowCollectionViewController.m in Sources */,
				7871301F18A5D6EB008D31E1 /* ShowDetailsViewController.m in Sources */,
				7891F1A11890B55E00BF5611 /* main.m in Sources */,
				35887AC51899A9E100D4D903 /* Show.m in Sources */,
				356913BE1899B8E70047A580 /* Episode.m in Sources */,
				783B23A01890D30F00FCD806 /* YahooClient.m in Sources */,
				35351E8C18A334AB005DAF6C /* SearchViewController.m in Sources */,
				353F85FF18AAE2FD004A9346 /* GlobalShows.m in Sources */,
				356913C91899F0EC0047A580 /* ShowCell.m in Sources */,
				356913C11899CC470047A580 /* ShowResult.m in Sources */,
			);
			runOnlyForDeploymentPostprocessing = 0;
		};
		7891F1AE1890B55E00BF5611 /* Sources */ = {
			isa = PBXSourcesBuildPhase;
			buildActionMask = 2147483647;
			files = (
				7891F1C01890B55E00BF5611 /* showsAppTests.m in Sources */,
			);
			runOnlyForDeploymentPostprocessing = 0;
		};
/* End PBXSourcesBuildPhase section */

/* Begin PBXTargetDependency section */
		7891F1B81890B55E00BF5611 /* PBXTargetDependency */ = {
			isa = PBXTargetDependency;
			target = 7891F1901890B55E00BF5611 /* showsApp */;
			targetProxy = 7891F1B71890B55E00BF5611 /* PBXContainerItemProxy */;
		};
/* End PBXTargetDependency section */

/* Begin PBXVariantGroup section */
		7891F19D1890B55E00BF5611 /* InfoPlist.strings */ = {
			isa = PBXVariantGroup;
			children = (
				7891F19E1890B55E00BF5611 /* en */,
			);
			name = InfoPlist.strings;
			sourceTree = "<group>";
		};
		7891F1A61890B55E00BF5611 /* Main.storyboard */ = {
			isa = PBXVariantGroup;
			children = (
				7891F1A71890B55E00BF5611 /* Base */,
			);
			name = Main.storyboard;
			sourceTree = "<group>";
		};
		7891F1BC1890B55E00BF5611 /* InfoPlist.strings */ = {
			isa = PBXVariantGroup;
			children = (
				7891F1BD1890B55E00BF5611 /* en */,
			);
			name = InfoPlist.strings;
			sourceTree = "<group>";
		};
/* End PBXVariantGroup section */

/* Begin XCBuildConfiguration section */
		7891F1C11890B55E00BF5611 /* Debug */ = {
			isa = XCBuildConfiguration;
			buildSettings = {
				ALWAYS_SEARCH_USER_PATHS = NO;
				ARCHS = "$(ARCHS_STANDARD_INCLUDING_64_BIT)";
				CLANG_CXX_LANGUAGE_STANDARD = "gnu++0x";
				CLANG_CXX_LIBRARY = "libc++";
				CLANG_ENABLE_MODULES = YES;
				CLANG_ENABLE_OBJC_ARC = YES;
				CLANG_WARN_BOOL_CONVERSION = YES;
				CLANG_WARN_CONSTANT_CONVERSION = YES;
				CLANG_WARN_DIRECT_OBJC_ISA_USAGE = YES_ERROR;
				CLANG_WARN_EMPTY_BODY = YES;
				CLANG_WARN_ENUM_CONVERSION = YES;
				CLANG_WARN_INT_CONVERSION = YES;
				CLANG_WARN_OBJC_ROOT_CLASS = YES_ERROR;
				CLANG_WARN__DUPLICATE_METHOD_MATCH = YES;
				"CODE_SIGN_IDENTITY[sdk=iphoneos*]" = "iPhone Developer";
				COPY_PHASE_STRIP = NO;
				GCC_C_LANGUAGE_STANDARD = gnu99;
				GCC_DYNAMIC_NO_PIC = NO;
				GCC_OPTIMIZATION_LEVEL = 0;
				GCC_PREPROCESSOR_DEFINITIONS = (
					"DEBUG=1",
					"$(inherited)",
				);
				GCC_SYMBOLS_PRIVATE_EXTERN = NO;
				GCC_WARN_64_TO_32_BIT_CONVERSION = YES;
				GCC_WARN_ABOUT_RETURN_TYPE = YES_ERROR;
				GCC_WARN_UNDECLARED_SELECTOR = YES;
				GCC_WARN_UNINITIALIZED_AUTOS = YES;
				GCC_WARN_UNUSED_FUNCTION = YES;
				GCC_WARN_UNUSED_VARIABLE = YES;
				IPHONEOS_DEPLOYMENT_TARGET = 7.0;
				ONLY_ACTIVE_ARCH = YES;
				SDKROOT = iphoneos;
			};
			name = Debug;
		};
		7891F1C21890B55E00BF5611 /* Release */ = {
			isa = XCBuildConfiguration;
			buildSettings = {
				ALWAYS_SEARCH_USER_PATHS = NO;
				ARCHS = "$(ARCHS_STANDARD_INCLUDING_64_BIT)";
				CLANG_CXX_LANGUAGE_STANDARD = "gnu++0x";
				CLANG_CXX_LIBRARY = "libc++";
				CLANG_ENABLE_MODULES = YES;
				CLANG_ENABLE_OBJC_ARC = YES;
				CLANG_WARN_BOOL_CONVERSION = YES;
				CLANG_WARN_CONSTANT_CONVERSION = YES;
				CLANG_WARN_DIRECT_OBJC_ISA_USAGE = YES_ERROR;
				CLANG_WARN_EMPTY_BODY = YES;
				CLANG_WARN_ENUM_CONVERSION = YES;
				CLANG_WARN_INT_CONVERSION = YES;
				CLANG_WARN_OBJC_ROOT_CLASS = YES_ERROR;
				CLANG_WARN__DUPLICATE_METHOD_MATCH = YES;
				"CODE_SIGN_IDENTITY[sdk=iphoneos*]" = "iPhone Developer";
				COPY_PHASE_STRIP = YES;
				ENABLE_NS_ASSERTIONS = NO;
				GCC_C_LANGUAGE_STANDARD = gnu99;
				GCC_WARN_64_TO_32_BIT_CONVERSION = YES;
				GCC_WARN_ABOUT_RETURN_TYPE = YES_ERROR;
				GCC_WARN_UNDECLARED_SELECTOR = YES;
				GCC_WARN_UNINITIALIZED_AUTOS = YES;
				GCC_WARN_UNUSED_FUNCTION = YES;
				GCC_WARN_UNUSED_VARIABLE = YES;
				IPHONEOS_DEPLOYMENT_TARGET = 7.0;
				SDKROOT = iphoneos;
				VALIDATE_PRODUCT = YES;
			};
			name = Release;
		};
		7891F1C41890B55E00BF5611 /* Debug */ = {
			isa = XCBuildConfiguration;
			baseConfigurationReference = 347E5A5EA6D142D09FCAE070 /* Pods.xcconfig */;
			buildSettings = {
				ASSETCATALOG_COMPILER_APPICON_NAME = AppIcon;
				ASSETCATALOG_COMPILER_LAUNCHIMAGE_NAME = LaunchImage;
				GCC_PRECOMPILE_PREFIX_HEADER = YES;
				GCC_PREFIX_HEADER = "showsApp/showsApp-Prefix.pch";
				INFOPLIST_FILE = "showsApp/showsApp-Info.plist";
				PRODUCT_NAME = "$(TARGET_NAME)";
				WRAPPER_EXTENSION = app;
			};
			name = Debug;
		};
		7891F1C51890B55E00BF5611 /* Release */ = {
			isa = XCBuildConfiguration;
			baseConfigurationReference = 347E5A5EA6D142D09FCAE070 /* Pods.xcconfig */;
			buildSettings = {
				ASSETCATALOG_COMPILER_APPICON_NAME = AppIcon;
				ASSETCATALOG_COMPILER_LAUNCHIMAGE_NAME = LaunchImage;
				GCC_PRECOMPILE_PREFIX_HEADER = YES;
				GCC_PREFIX_HEADER = "showsApp/showsApp-Prefix.pch";
				INFOPLIST_FILE = "showsApp/showsApp-Info.plist";
				PRODUCT_NAME = "$(TARGET_NAME)";
				WRAPPER_EXTENSION = app;
			};
			name = Release;
		};
		7891F1C71890B55E00BF5611 /* Debug */ = {
			isa = XCBuildConfiguration;
			buildSettings = {
				ARCHS = "$(ARCHS_STANDARD_INCLUDING_64_BIT)";
				BUNDLE_LOADER = "$(BUILT_PRODUCTS_DIR)/showsApp.app/showsApp";
				FRAMEWORK_SEARCH_PATHS = (
					"$(SDKROOT)/Developer/Library/Frameworks",
					"$(inherited)",
					"$(DEVELOPER_FRAMEWORKS_DIR)",
				);
				GCC_PRECOMPILE_PREFIX_HEADER = YES;
				GCC_PREFIX_HEADER = "showsApp/showsApp-Prefix.pch";
				GCC_PREPROCESSOR_DEFINITIONS = (
					"DEBUG=1",
					"$(inherited)",
				);
				INFOPLIST_FILE = "showsAppTests/showsAppTests-Info.plist";
				PRODUCT_NAME = "$(TARGET_NAME)";
				TEST_HOST = "$(BUNDLE_LOADER)";
				WRAPPER_EXTENSION = xctest;
			};
			name = Debug;
		};
		7891F1C81890B55E00BF5611 /* Release */ = {
			isa = XCBuildConfiguration;
			buildSettings = {
				ARCHS = "$(ARCHS_STANDARD_INCLUDING_64_BIT)";
				BUNDLE_LOADER = "$(BUILT_PRODUCTS_DIR)/showsApp.app/showsApp";
				FRAMEWORK_SEARCH_PATHS = (
					"$(SDKROOT)/Developer/Library/Frameworks",
					"$(inherited)",
					"$(DEVELOPER_FRAMEWORKS_DIR)",
				);
				GCC_PRECOMPILE_PREFIX_HEADER = YES;
				GCC_PREFIX_HEADER = "showsApp/showsApp-Prefix.pch";
				INFOPLIST_FILE = "showsAppTests/showsAppTests-Info.plist";
				PRODUCT_NAME = "$(TARGET_NAME)";
				TEST_HOST = "$(BUNDLE_LOADER)";
				WRAPPER_EXTENSION = xctest;
			};
			name = Release;
		};
/* End XCBuildConfiguration section */

/* Begin XCConfigurationList section */
		7891F18C1890B55E00BF5611 /* Build configuration list for PBXProject "showsApp" */ = {
			isa = XCConfigurationList;
			buildConfigurations = (
				7891F1C11890B55E00BF5611 /* Debug */,
				7891F1C21890B55E00BF5611 /* Release */,
			);
			defaultConfigurationIsVisible = 0;
			defaultConfigurationName = Release;
		};
		7891F1C31890B55E00BF5611 /* Build configuration list for PBXNativeTarget "showsApp" */ = {
			isa = XCConfigurationList;
			buildConfigurations = (
				7891F1C41890B55E00BF5611 /* Debug */,
				7891F1C51890B55E00BF5611 /* Release */,
			);
			defaultConfigurationIsVisible = 0;
			defaultConfigurationName = Release;
		};
		7891F1C61890B55E00BF5611 /* Build configuration list for PBXNativeTarget "showsAppTests" */ = {
			isa = XCConfigurationList;
			buildConfigurations = (
				7891F1C71890B55E00BF5611 /* Debug */,
				7891F1C81890B55E00BF5611 /* Release */,
			);
			defaultConfigurationIsVisible = 0;
			defaultConfigurationName = Release;
		};
/* End XCConfigurationList section */
	};
	rootObject = 7891F1891890B55E00BF5611 /* Project object */;
}
